
Microsoft Visual Studio Solution File, Format Version 12.00
# Visual Studio Version 17
VisualStudioVersion = 17.0.31903.59
MinimumVisualStudioVersion = 10.0.40219.1
Project("{9A19103F-16F7-4668-BE54-9A1E7A4F7556}") = "Auth.Api", "Auth.Api\Auth.Api.csproj", "{4E383E8E-F78F-4921-A5AF-4F3D0C4CF3B5}"
EndProject
Project("{FAE04EC0-301F-11D3-BF4B-00C04F79EFBC}") = "Auth.Core", "Auth.Core\Auth.Core.csproj", "{48474FCE-3C95-4310-9406-CA79E065EA4E}"
EndProject
Project("{FAE04EC0-301F-11D3-BF4B-00C04F79EFBC}") = "Auth.Infrastructure", "Auth.Infrastructure\Auth.Infrastructure.csproj", "{8F93D9E4-C2C2-4B06-92BF-465F93E3CF6F}"
EndProject
Global
	GlobalSection(SolutionConfigurationPlatforms) = preSolution
		Debug|Any CPU = Debug|Any CPU
		Release|Any CPU = Release|Any CPU
	EndGlobalSection
	GlobalSection(ProjectConfigurationPlatforms) = postSolution
		{4E383E8E-F78F-4921-A5AF-4F3D0C4CF3B5}.Debug|Any CPU.ActiveCfg = Debug|Any CPU
		{4E383E8E-F78F-4921-A5AF-4F3D0C4CF3B5}.Debug|Any CPU.Build.0 = Debug|Any CPU
		{4E383E8E-F78F-4921-A5AF-4F3D0C4CF3B5}.Release|Any CPU.ActiveCfg = Release|Any CPU
		{4E383E8E-F78F-4921-A5AF-4F3D0C4CF3B5}.Release|Any CPU.Build.0 = Release|Any CPU
		{48474FCE-3C95-4310-9406-CA79E065EA4E}.Debug|Any CPU.ActiveCfg = Debug|Any CPU
		{48474FCE-3C95-4310-9406-CA79E065EA4E}.Debug|Any CPU.Build.0 = Debug|Any CPU
		{48474FCE-3C95-4310-9406-CA79E065EA4E}.Release|Any CPU.ActiveCfg = Release|Any CPU
		{48474FCE-3C95-4310-9406-CA79E065EA4E}.Release|Any CPU.Build.0 = Release|Any CPU
		{8F93D9E4-C2C2-4B06-92BF-465F93E3CF6F}.Debug|Any CPU.ActiveCfg = Debug|Any CPU
		{8F93D9E4-C2C2-4B06-92BF-465F93E3CF6F}.Debug|Any CPU.Build.0 = Debug|Any CPU
		{8F93D9E4-C2C2-4B06-92BF-465F93E3CF6F}.Release|Any CPU.ActiveCfg = Release|Any CPU
		{8F93D9E4-C2C2-4B06-92BF-465F93E3CF6F}.Release|Any CPU.Build.0 = Release|Any CPU
	EndGlobalSection
	GlobalSection(SolutionProperties) = preSolution
		HideSolutionNode = FALSE
	EndGlobalSection
	GlobalSection(ExtensibilityGlobals) = postSolution
		SolutionGuid = {5917D525-3AD5-4199-B7C3-3BC15973361B}
	EndGlobalSection
EndGlobal
